
Microsoft Visual Studio Solution File, Format Version 12.00
# Visual Studio Version 17
VisualStudioVersion = 17.1.32328.378
MinimumVisualStudioVersion = 10.0.40219.1
Project("{FAE04EC0-301F-11D3-BF4B-00C04F79EFBC}") = "MongoDB-Update-SubField", "MongoDB-Update-SubField\MongoDB-Update-SubField.csproj", "{785BD036-1C92-4545-84C6-C623494437BA}"
EndProject
Global
	GlobalSection(SolutionConfigurationPlatforms) = preSolution
		Debug|Any CPU = Debug|Any CPU
		Release|Any CPU = Release|Any CPU
	EndGlobalSection
	GlobalSection(ProjectConfigurationPlatforms) = postSolution
		{785BD036-1C92-4545-84C6-C623494437BA}.Debug|Any CPU.ActiveCfg = Debug|Any CPU
		{785BD036-1C92-4545-84C6-C623494437BA}.Debug|Any CPU.Build.0 = Debug|Any CPU
		{785BD036-1C92-4545-84C6-C623494437BA}.Release|Any CPU.ActiveCfg = Release|Any CPU
		{785BD036-1C92-4545-84C6-C623494437BA}.Release|Any CPU.Build.0 = Release|Any CPU
	EndGlobalSection
	GlobalSection(SolutionProperties) = preSolution
		HideSolutionNode = FALSE
	EndGlobalSection
	GlobalSection(ExtensibilityGlobals) = postSolution
		SolutionGuid = {936C6937-A11B-4348-A5EC-37653E51F679}
	EndGlobalSection
EndGlobal
